# This file is autogenerated, do not edit; changes may be undone by the next 'dep ensure'.


[[projects]]
  name = "github.com/sirupsen/logrus"
  packages = ["."]
  revision = "c155da19408a8799da419ed3eeb0cb5db0ad5dbc"
  version = "v1.0.5"

[[projects]]
  branch = "master"
  name = "golang.org/x/crypto"
  packages = ["ssh/terminal"]
  revision = "21052ae46654ecf18dfdba0f7c12701a1e2b3164"

[[projects]]
  branch = "master"
  name = "golang.org/x/sys"
  packages = [
    "unix",
    "windows"
  ]
  revision = "7db1c3b1a98089d0071c84f646ff5c96aad43682"

[solve-meta]
  analyzer-name = "dep"
  analyzer-version = 1
  inputs-digest = "9a4df6c2b9cbc7b6a8c1f52444dc0bace4dc5e03a39109d0e2f7956c62319982"
  solver-name = "gps-cdcl"
  solver-version = 1
